Microsoft Visual Studio Solution File, Format Version 12.00
# Visual Studio Version 17
VisualStudioVersion = 17.5.2.0
MinimumVisualStudioVersion = 10.0.40219.1
Project("{FAE04EC0-301F-11D3-BF4B-00C04F79EFBC}") = "BlazorMediatRFluxor", "BlazorMediatRFluxor.csproj", "{0A665084-AD83-4DDF-529C-BF04169C0E7B}"
EndProject
Project("{FAE04EC0-301F-11D3-BF4B-00C04F79EFBC}") = "BlazorMediatRFluxor.Shared", "..\BlazorMediatRFluxor.Shared\BlazorMediatRFluxor.Shared.csproj", "{B7EBD30E-4A5D-46E4-A9EF-ADF6F933E7E3}"
EndProject
Global
	GlobalSection(SolutionConfigurationPlatforms) = preSolution
		Debug|Any CPU = Debug|Any CPU
		Release|Any CPU = Release|Any CPU
	EndGlobalSection
	GlobalSection(ProjectConfigurationPlatforms) = postSolution
		{0A665084-AD83-4DDF-529C-BF04169C0E7B}.Debug|Any CPU.ActiveCfg = Debug|Any CPU
		{0A665084-AD83-4DDF-529C-BF04169C0E7B}.Debug|Any CPU.Build.0 = Debug|Any CPU
		{0A665084-AD83-4DDF-529C-BF04169C0E7B}.Release|Any CPU.ActiveCfg = Release|Any CPU
		{0A665084-AD83-4DDF-529C-BF04169C0E7B}.Release|Any CPU.Build.0 = Release|Any CPU
		{B7EBD30E-4A5D-46E4-A9EF-ADF6F933E7E3}.Debug|Any CPU.ActiveCfg = Debug|Any CPU
		{B7EBD30E-4A5D-46E4-A9EF-ADF6F933E7E3}.Debug|Any CPU.Build.0 = Debug|Any CPU
		{B7EBD30E-4A5D-46E4-A9EF-ADF6F933E7E3}.Release|Any CPU.ActiveCfg = Release|Any CPU
		{B7EBD30E-4A5D-46E4-A9EF-ADF6F933E7E3}.Release|Any CPU.Build.0 = Release|Any CPU
	EndGlobalSection
	GlobalSection(SolutionProperties) = preSolution
		HideSolutionNode = FALSE
	EndGlobalSection
	GlobalSection(ExtensibilityGlobals) = postSolution
		SolutionGuid = {12921744-1A1B-4D56-B6B7-CB1644B158D3}
	EndGlobalSection
EndGlobal
